// !$*UTF8*$!
{
	archiveVersion = 1;
	classes = {
	};
	objectVersion = 50;
	objects = {

/* Begin PBXBuildFile section */
		198A03D145D009E3B512D2AC /* Pods_MichelappTests.framework in Frameworks */ = {isa = PBXBuildFile; fileRef = 46759ABD09A5B6D3981F4496 /* Pods_MichelappTests.framework */; };
		1E233DF42183E45000D2332A /* ProfileViewController.swift in Sources */ = {isa = PBXBuildFile; fileRef = 1E233DF32183E45000D2332A /* ProfileViewController.swift */; };
		1E233DF62183E4AE00D2332A /* SettingsViewController.swift in Sources */ = {isa = PBXBuildFile; fileRef = 1E233DF52183E4AE00D2332A /* SettingsViewController.swift */; };
		45751B092183FBD6000ACFEB /* beerTableViewCell.swift in Sources */ = {isa = PBXBuildFile; fileRef = 45751B082183FBD6000ACFEB /* beerTableViewCell.swift */; };
		45CA3B54217BA27900C3C2CE /* FavoritesBeersTableViewController.swift in Sources */ = {isa = PBXBuildFile; fileRef = 45CA3B53217BA27900C3C2CE /* FavoritesBeersTableViewController.swift */; };
		45CA3B56217BA2A100C3C2CE /* ListBeerViewController.swift in Sources */ = {isa = PBXBuildFile; fileRef = 45CA3B55217BA2A100C3C2CE /* ListBeerViewController.swift */; };
		56AFBFE5218447F00024E0CE /* descriptionBeerViewController.swift in Sources */ = {isa = PBXBuildFile; fileRef = 56AFBFE4218447F00024E0CE /* descriptionBeerViewController.swift */; };
		576B148A216E5A6100B9E0FA /* HomeViewController.swift in Sources */ = {isa = PBXBuildFile; fileRef = 576B1489216E5A6100B9E0FA /* HomeViewController.swift */; };
		576B148E216E7B0A00B9E0FA /* Perfil.storyboard in Resources */ = {isa = PBXBuildFile; fileRef = 576B1490216E7B0A00B9E0FA /* Perfil.storyboard */; };
		5776C3C0216CF28100E2AA80 /* AppDelegate.swift in Sources */ = {isa = PBXBuildFile; fileRef = 5776C3BF216CF28100E2AA80 /* AppDelegate.swift */; };
		5776C3CA216CF28300E2AA80 /* LaunchScreen.storyboard in Resources */ = {isa = PBXBuildFile; fileRef = 5776C3C8216CF28300E2AA80 /* LaunchScreen.storyboard */; };
		5776C3D5216CF28300E2AA80 /* MichelappTests.swift in Sources */ = {isa = PBXBuildFile; fileRef = 5776C3D4216CF28300E2AA80 /* MichelappTests.swift */; };
		5776C3E0216CF28300E2AA80 /* MichelappUITests.swift in Sources */ = {isa = PBXBuildFile; fileRef = 5776C3DF216CF28300E2AA80 /* MichelappUITests.swift */; };
		57AB367D217BAB90000D93C1 /* Alamofire.framework in Frameworks */ = {isa = PBXBuildFile; fileRef = 57AB367C217BAB90000D93C1 /* Alamofire.framework */; };
		57B4EF3C216DA15100774C2F /* Assets.xcassets in Resources */ = {isa = PBXBuildFile; fileRef = 57B4EF3B216DA15100774C2F /* Assets.xcassets */; };
		C8895C87FE09AB41A9C3F547 /* Pods_MichelappUITests.framework in Frameworks */ = {isa = PBXBuildFile; fileRef = 51D77958AFDBA14B9C70CE2F /* Pods_MichelappUITests.framework */; };
		EB4A564DCE35FBB428EF1A99 /* Pods_Michelapp.framework in Frameworks */ = {isa = PBXBuildFile; fileRef = 9A6B0423EA5CFB37AED1B908 /* Pods_Michelapp.framework */; };
/* End PBXBuildFile section */

/* Begin PBXContainerItemProxy section */
		5776C3D1216CF28300E2AA80 /* PBXContainerItemProxy */ = {
			isa = PBXContainerItemProxy;
			containerPortal = 5776C3B4216CF28100E2AA80 /* Project object */;
			proxyType = 1;
			remoteGlobalIDString = 5776C3BB216CF28100E2AA80;
			remoteInfo = Michelapp;
		};
		5776C3DC216CF28300E2AA80 /* PBXContainerItemProxy */ = {
			isa = PBXContainerItemProxy;
			containerPortal = 5776C3B4216CF28100E2AA80 /* Project object */;
			proxyType = 1;
			remoteGlobalIDString = 5776C3BB216CF28100E2AA80;
			remoteInfo = Michelapp;
		};
/* End PBXContainerItemProxy section */

/* Begin PBXFileReference section */
		1E233DF32183E45000D2332A /* ProfileViewController.swift */ = {isa = PBXFileReference; lastKnownFileType = sourcecode.swift; path = ProfileViewController.swift; sourceTree = "<group>"; };
		1E233DF52183E4AE00D2332A /* SettingsViewController.swift */ = {isa = PBXFileReference; lastKnownFileType = sourcecode.swift; path = SettingsViewController.swift; sourceTree = "<group>"; };
		45751B082183FBD6000ACFEB /* beerTableViewCell.swift */ = {isa = PBXFileReference; lastKnownFileType = sourcecode.swift; path = beerTableViewCell.swift; sourceTree = "<group>"; };
		45CA3B53217BA27900C3C2CE /* FavoritesBeersTableViewController.swift */ = {isa = PBXFileReference; lastKnownFileType = sourcecode.swift; path = FavoritesBeersTableViewController.swift; sourceTree = "<group>"; };
		45CA3B55217BA2A100C3C2CE /* ListBeerViewController.swift */ = {isa = PBXFileReference; lastKnownFileType = sourcecode.swift; path = ListBeerViewController.swift; sourceTree = "<group>"; };
		46759ABD09A5B6D3981F4496 /* Pods_MichelappTests.framework */ = {isa = PBXFileReference; explicitFileType = wrapper.framework; includeInIndex = 0; path = Pods_MichelappTests.framework; sourceTree = BUILT_PRODUCTS_DIR; };
		51D77958AFDBA14B9C70CE2F /* Pods_MichelappUITests.framework */ = {isa = PBXFileReference; explicitFileType = wrapper.framework; includeInIndex = 0; path = Pods_MichelappUITests.framework; sourceTree = BUILT_PRODUCTS_DIR; };
		569A37D0A3A0079B5DE48933 /* Pods-MichelappTests.debug.xcconfig */ = {isa = PBXFileReference; includeInIndex = 1; lastKnownFileType = text.xcconfig; name = "Pods-MichelappTests.debug.xcconfig"; path = "Pods/Target Support Files/Pods-MichelappTests/Pods-MichelappTests.debug.xcconfig"; sourceTree = "<group>"; };
		56AFBFE4218447F00024E0CE /* descriptionBeerViewController.swift */ = {isa = PBXFileReference; lastKnownFileType = sourcecode.swift; path = descriptionBeerViewController.swift; sourceTree = "<group>"; };
		572C4DD8217BAADB006317E6 /* Alamofire.framework */ = {isa = PBXFileReference; explicitFileType = wrapper.framework; path = Alamofire.framework; sourceTree = BUILT_PRODUCTS_DIR; };
		576B1489216E5A6100B9E0FA /* HomeViewController.swift */ = {isa = PBXFileReference; lastKnownFileType = sourcecode.swift; path = HomeViewController.swift; sourceTree = "<group>"; };
		576B1491216E7C2D00B9E0FA /* Base */ = {isa = PBXFileReference; lastKnownFileType = file.storyboard; name = Base; path = Base.lproj/Perfil.storyboard; sourceTree = "<group>"; };
		5776C3BC216CF28100E2AA80 /* Michelapp.app */ = {isa = PBXFileReference; explicitFileType = wrapper.application; includeInIndex = 0; path = Michelapp.app; sourceTree = BUILT_PRODUCTS_DIR; };
		5776C3BF216CF28100E2AA80 /* AppDelegate.swift */ = {isa = PBXFileReference; lastKnownFileType = sourcecode.swift; path = AppDelegate.swift; sourceTree = "<group>"; };
		5776C3C9216CF28300E2AA80 /* Base */ = {isa = PBXFileReference; lastKnownFileType = file.storyboard; name = Base; path = Base.lproj/LaunchScreen.storyboard; sourceTree = "<group>"; };
		5776C3CB216CF28300E2AA80 /* Info.plist */ = {isa = PBXFileReference; lastKnownFileType = text.plist.xml; path = Info.plist; sourceTree = "<group>"; };
		5776C3D0216CF28300E2AA80 /* MichelappTests.xctest */ = {isa = PBXFileReference; explicitFileType = wrapper.cfbundle; includeInIndex = 0; path = MichelappTests.xctest; sourceTree = BUILT_PRODUCTS_DIR; };
		5776C3D4216CF28300E2AA80 /* MichelappTests.swift */ = {isa = PBXFileReference; lastKnownFileType = sourcecode.swift; path = MichelappTests.swift; sourceTree = "<group>"; };
		5776C3D6216CF28300E2AA80 /* Info.plist */ = {isa = PBXFileReference; lastKnownFileType = text.plist.xml; path = Info.plist; sourceTree = "<group>"; };
		5776C3DB216CF28300E2AA80 /* MichelappUITests.xctest */ = {isa = PBXFileReference; explicitFileType = wrapper.cfbundle; includeInIndex = 0; path = MichelappUITests.xctest; sourceTree = BUILT_PRODUCTS_DIR; };
		5776C3DF216CF28300E2AA80 /* MichelappUITests.swift */ = {isa = PBXFileReference; lastKnownFileType = sourcecode.swift; path = MichelappUITests.swift; sourceTree = "<group>"; };
		5776C3E1216CF28300E2AA80 /* Info.plist */ = {isa = PBXFileReference; lastKnownFileType = text.plist.xml; path = Info.plist; sourceTree = "<group>"; };
		57AB367C217BAB90000D93C1 /* Alamofire.framework */ = {isa = PBXFileReference; explicitFileType = wrapper.framework; path = Alamofire.framework; sourceTree = BUILT_PRODUCTS_DIR; };
		57B4EF3B216DA15100774C2F /* Assets.xcassets */ = {isa = PBXFileReference; lastKnownFileType = folder.assetcatalog; path = Assets.xcassets; sourceTree = "<group>"; };
		680B49EB810709E266F56516 /* Pods-Michelapp.release.xcconfig */ = {isa = PBXFileReference; includeInIndex = 1; lastKnownFileType = text.xcconfig; name = "Pods-Michelapp.release.xcconfig"; path = "Pods/Target Support Files/Pods-Michelapp/Pods-Michelapp.release.xcconfig"; sourceTree = "<group>"; };
		9A6B0423EA5CFB37AED1B908 /* Pods_Michelapp.framework */ = {isa = PBXFileReference; explicitFileType = wrapper.framework; includeInIndex = 0; path = Pods_Michelapp.framework; sourceTree = BUILT_PRODUCTS_DIR; };
		C98C5981CC45F0CB7B64C0A1 /* Pods-MichelappTests.release.xcconfig */ = {isa = PBXFileReference; includeInIndex = 1; lastKnownFileType = text.xcconfig; name = "Pods-MichelappTests.release.xcconfig"; path = "Pods/Target Support Files/Pods-MichelappTests/Pods-MichelappTests.release.xcconfig"; sourceTree = "<group>"; };
		DD426E2FEDB36E4A94F36187 /* Pods-MichelappUITests.debug.xcconfig */ = {isa = PBXFileReference; includeInIndex = 1; lastKnownFileType = text.xcconfig; name = "Pods-MichelappUITests.debug.xcconfig"; path = "Pods/Target Support Files/Pods-MichelappUITests/Pods-MichelappUITests.debug.xcconfig"; sourceTree = "<group>"; };
		DD527E0321B22013D1E16B9B /* Pods-MichelappUITests.release.xcconfig */ = {isa = PBXFileReference; includeInIndex = 1; lastKnownFileType = text.xcconfig; name = "Pods-MichelappUITests.release.xcconfig"; path = "Pods/Target Support Files/Pods-MichelappUITests/Pods-MichelappUITests.release.xcconfig"; sourceTree = "<group>"; };
		DF3130C892156160771EFE44 /* Pods-Michelapp.debug.xcconfig */ = {isa = PBXFileReference; includeInIndex = 1; lastKnownFileType = text.xcconfig; name = "Pods-Michelapp.debug.xcconfig"; path = "Pods/Target Support Files/Pods-Michelapp/Pods-Michelapp.debug.xcconfig"; sourceTree = "<group>"; };
/* End PBXFileReference section */

/* Begin PBXFrameworksBuildPhase section */
		5776C3B9216CF28100E2AA80 /* Frameworks */ = {
			isa = PBXFrameworksBuildPhase;
			buildActionMask = 2147483647;
			files = (
				57AB367D217BAB90000D93C1 /* Alamofire.framework in Frameworks */,
				EB4A564DCE35FBB428EF1A99 /* Pods_Michelapp.framework in Frameworks */,
			);
			runOnlyForDeploymentPostprocessing = 0;
		};
		5776C3CD216CF28300E2AA80 /* Frameworks */ = {
			isa = PBXFrameworksBuildPhase;
			buildActionMask = 2147483647;
			files = (
				198A03D145D009E3B512D2AC /* Pods_MichelappTests.framework in Frameworks */,
			);
			runOnlyForDeploymentPostprocessing = 0;
		};
		5776C3D8216CF28300E2AA80 /* Frameworks */ = {
			isa = PBXFrameworksBuildPhase;
			buildActionMask = 2147483647;
			files = (
				C8895C87FE09AB41A9C3F547 /* Pods_MichelappUITests.framework in Frameworks */,
			);
			runOnlyForDeploymentPostprocessing = 0;
		};
/* End PBXFrameworksBuildPhase section */

/* Begin PBXGroup section */
		358760B478732DD1FD857087 /* Pods */ = {
			isa = PBXGroup;
			children = (
				DF3130C892156160771EFE44 /* Pods-Michelapp.debug.xcconfig */,
				680B49EB810709E266F56516 /* Pods-Michelapp.release.xcconfig */,
				569A37D0A3A0079B5DE48933 /* Pods-MichelappTests.debug.xcconfig */,
				C98C5981CC45F0CB7B64C0A1 /* Pods-MichelappTests.release.xcconfig */,
				DD426E2FEDB36E4A94F36187 /* Pods-MichelappUITests.debug.xcconfig */,
				DD527E0321B22013D1E16B9B /* Pods-MichelappUITests.release.xcconfig */,
			);
			name = Pods;
			sourceTree = "<group>";
		};
		576B148B216E7A4100B9E0FA /* Frameworks */ = {
			isa = PBXGroup;
			children = (
				57AB367C217BAB90000D93C1 /* Alamofire.framework */,
				572C4DD8217BAADB006317E6 /* Alamofire.framework */,
				9A6B0423EA5CFB37AED1B908 /* Pods_Michelapp.framework */,
				46759ABD09A5B6D3981F4496 /* Pods_MichelappTests.framework */,
				51D77958AFDBA14B9C70CE2F /* Pods_MichelappUITests.framework */,
			);
			name = Frameworks;
			sourceTree = "<group>";
		};
		5776C3B3216CF28100E2AA80 = {
			isa = PBXGroup;
			children = (
				5776C3BE216CF28100E2AA80 /* Michelapp */,
				5776C3D3216CF28300E2AA80 /* MichelappTests */,
				5776C3DE216CF28300E2AA80 /* MichelappUITests */,
				5776C3BD216CF28100E2AA80 /* Products */,
				576B148B216E7A4100B9E0FA /* Frameworks */,
				358760B478732DD1FD857087 /* Pods */,
			);
			sourceTree = "<group>";
		};
		5776C3BD216CF28100E2AA80 /* Products */ = {
			isa = PBXGroup;
			children = (
				5776C3BC216CF28100E2AA80 /* Michelapp.app */,
				5776C3D0216CF28300E2AA80 /* MichelappTests.xctest */,
				5776C3DB216CF28300E2AA80 /* MichelappUITests.xctest */,
			);
			name = Products;
			sourceTree = "<group>";
		};
		5776C3BE216CF28100E2AA80 /* Michelapp */ = {
			isa = PBXGroup;
			children = (
				57B4EF34216D94C100774C2F /* Storyboards */,
				57B4EF33216D946000774C2F /* Controllers */,
				5776C3BF216CF28100E2AA80 /* AppDelegate.swift */,
				5776C3C8216CF28300E2AA80 /* LaunchScreen.storyboard */,
				57B4EF3B216DA15100774C2F /* Assets.xcassets */,
				5776C3CB216CF28300E2AA80 /* Info.plist */,
			);
			path = Michelapp;
			sourceTree = "<group>";
		};
		5776C3D3216CF28300E2AA80 /* MichelappTests */ = {
			isa = PBXGroup;
			children = (
				5776C3D4216CF28300E2AA80 /* MichelappTests.swift */,
				5776C3D6216CF28300E2AA80 /* Info.plist */,
			);
			path = MichelappTests;
			sourceTree = "<group>";
		};
		5776C3DE216CF28300E2AA80 /* MichelappUITests */ = {
			isa = PBXGroup;
			children = (
				5776C3DF216CF28300E2AA80 /* MichelappUITests.swift */,
				5776C3E1216CF28300E2AA80 /* Info.plist */,
			);
			path = MichelappUITests;
			sourceTree = "<group>";
		};
		57B4EF33216D946000774C2F /* Controllers */ = {
			isa = PBXGroup;
			children = (
				576B1489216E5A6100B9E0FA /* HomeViewController.swift */,
				45CA3B53217BA27900C3C2CE /* FavoritesBeersTableViewController.swift */,
				45CA3B55217BA2A100C3C2CE /* ListBeerViewController.swift */,
				1E233DF32183E45000D2332A /* ProfileViewController.swift */,
				1E233DF52183E4AE00D2332A /* SettingsViewController.swift */,
				45751B082183FBD6000ACFEB /* beerTableViewCell.swift */,
				56AFBFE4218447F00024E0CE /* descriptionBeerViewController.swift */,
			);
			path = Controllers;
			sourceTree = "<group>";
		};
		57B4EF34216D94C100774C2F /* Storyboards */ = {
			isa = PBXGroup;
			children = (
				576B1490216E7B0A00B9E0FA /* Perfil.storyboard */,
			);
			path = Storyboards;
			sourceTree = "<group>";
		};
/* End PBXGroup section */

/* Begin PBXNativeTarget section */
		5776C3BB216CF28100E2AA80 /* Michelapp */ = {
			isa = PBXNativeTarget;
			buildConfigurationList = 5776C3E4216CF28300E2AA80 /* Build configuration list for PBXNativeTarget "Michelapp" */;
			buildPhases = (
				17B1EA875B778A54BEDBFB99 /* [CP] Check Pods Manifest.lock */,
				5776C3B8216CF28100E2AA80 /* Sources */,
				5776C3B9216CF28100E2AA80 /* Frameworks */,
				5776C3BA216CF28100E2AA80 /* Resources */,
				D7B3C0BA4ADAE05BBCC762F3 /* [CP] Embed Pods Frameworks */,
			);
			buildRules = (
			);
			dependencies = (
			);
			name = Michelapp;
			productName = Michelapp;
			productReference = 5776C3BC216CF28100E2AA80 /* Michelapp.app */;
			productType = "com.apple.product-type.application";
		};
		5776C3CF216CF28300E2AA80 /* MichelappTests */ = {
			isa = PBXNativeTarget;
			buildConfigurationList = 5776C3E7216CF28300E2AA80 /* Build configuration list for PBXNativeTarget "MichelappTests" */;
			buildPhases = (
				499E683DBCA2D05CD182F428 /* [CP] Check Pods Manifest.lock */,
				5776C3CC216CF28300E2AA80 /* Sources */,
				5776C3CD216CF28300E2AA80 /* Frameworks */,
				5776C3CE216CF28300E2AA80 /* Resources */,
				927100D6A3D5B8D76BA81C1B /* [CP] Embed Pods Frameworks */,
			);
			buildRules = (
			);
			dependencies = (
				5776C3D2216CF28300E2AA80 /* PBXTargetDependency */,
			);
			name = MichelappTests;
			productName = MichelappTests;
			productReference = 5776C3D0216CF28300E2AA80 /* MichelappTests.xctest */;
			productType = "com.apple.product-type.bundle.unit-test";
		};
		5776C3DA216CF28300E2AA80 /* MichelappUITests */ = {
			isa = PBXNativeTarget;
			buildConfigurationList = 5776C3EA216CF28300E2AA80 /* Build configuration list for PBXNativeTarget "MichelappUITests" */;
			buildPhases = (
				158C5199BE691B4D86560082 /* [CP] Check Pods Manifest.lock */,
				5776C3D7216CF28300E2AA80 /* Sources */,
				5776C3D8216CF28300E2AA80 /* Frameworks */,
				5776C3D9216CF28300E2AA80 /* Resources */,
				072ABBE6785FF3BFEC2C8296 /* [CP] Embed Pods Frameworks */,
			);
			buildRules = (
			);
			dependencies = (
				5776C3DD216CF28300E2AA80 /* PBXTargetDependency */,
			);
			name = MichelappUITests;
			productName = MichelappUITests;
			productReference = 5776C3DB216CF28300E2AA80 /* MichelappUITests.xctest */;
			productType = "com.apple.product-type.bundle.ui-testing";
		};
/* End PBXNativeTarget section */

/* Begin PBXProject section */
		5776C3B4216CF28100E2AA80 /* Project object */ = {
			isa = PBXProject;
			attributes = {
				LastSwiftUpdateCheck = 1000;
				LastUpgradeCheck = 1000;
				ORGANIZATIONNAME = "Abraham Quezada";
				TargetAttributes = {
					5776C3BB216CF28100E2AA80 = {
						CreatedOnToolsVersion = 10.0;
						SystemCapabilities = {
							com.apple.Maps.iOS = {
								enabled = 0;
							};
						};
					};
					5776C3CF216CF28300E2AA80 = {
						CreatedOnToolsVersion = 10.0;
						TestTargetID = 5776C3BB216CF28100E2AA80;
					};
					5776C3DA216CF28300E2AA80 = {
						CreatedOnToolsVersion = 10.0;
						TestTargetID = 5776C3BB216CF28100E2AA80;
					};
				};
			};
			buildConfigurationList = 5776C3B7216CF28100E2AA80 /* Build configuration list for PBXProject "Michelapp" */;
			compatibilityVersion = "Xcode 9.3";
			developmentRegion = en;
			hasScannedForEncodings = 0;
			knownRegions = (
				en,
				Base,
			);
			mainGroup = 5776C3B3216CF28100E2AA80;
			productRefGroup = 5776C3BD216CF28100E2AA80 /* Products */;
			projectDirPath = "";
			projectRoot = "";
			targets = (
				5776C3BB216CF28100E2AA80 /* Michelapp */,
				5776C3CF216CF28300E2AA80 /* MichelappTests */,
				5776C3DA216CF28300E2AA80 /* MichelappUITests */,
			);
		};
/* End PBXProject section */

/* Begin PBXResourcesBuildPhase section */
		5776C3BA216CF28100E2AA80 /* Resources */ = {
			isa = PBXResourcesBuildPhase;
			buildActionMask = 2147483647;
			files = (
				5776C3CA216CF28300E2AA80 /* LaunchScreen.storyboard in Resources */,
				57B4EF3C216DA15100774C2F /* Assets.xcassets in Resources */,
				576B148E216E7B0A00B9E0FA /* Perfil.storyboard in Resources */,
			);
			runOnlyForDeploymentPostprocessing = 0;
		};
		5776C3CE216CF28300E2AA80 /* Resources */ = {
			isa = PBXResourcesBuildPhase;
			buildActionMask = 2147483647;
			files = (
			);
			runOnlyForDeploymentPostprocessing = 0;
		};
		5776C3D9216CF28300E2AA80 /* Resources */ = {
			isa = PBXResourcesBuildPhase;
			buildActionMask = 2147483647;
			files = (
			);
			runOnlyForDeploymentPostprocessing = 0;
		};
/* End PBXResourcesBuildPhase section */

/* Begin PBXShellScriptBuildPhase section */
		072ABBE6785FF3BFEC2C8296 /* [CP] Embed Pods Frameworks */ = {
			isa = PBXShellScriptBuildPhase;
			buildActionMask = 2147483647;
			files = (
			);
			inputPaths = (
				"${SRCROOT}/Pods/Target Support Files/Pods-MichelappUITests/Pods-MichelappUITests-frameworks.sh",
				"${BUILT_PRODUCTS_DIR}/Alamofire/Alamofire.framework",
			);
			name = "[CP] Embed Pods Frameworks";
			outputPaths = (
				"${TARGET_BUILD_DIR}/${FRAMEWORKS_FOLDER_PATH}/Alamofire.framework",
			);
			runOnlyForDeploymentPostprocessing = 0;
			shellPath = /bin/sh;
			shellScript = "\"${SRCROOT}/Pods/Target Support Files/Pods-MichelappUITests/Pods-MichelappUITests-frameworks.sh\"\n";
			showEnvVarsInLog = 0;
		};
		158C5199BE691B4D86560082 /* [CP] Check Pods Manifest.lock */ = {
			isa = PBXShellScriptBuildPhase;
			buildActionMask = 2147483647;
			files = (
			);
			inputPaths = (
				"${PODS_PODFILE_DIR_PATH}/Podfile.lock",
				"${PODS_ROOT}/Manifest.lock",
			);
			name = "[CP] Check Pods Manifest.lock";
			outputPaths = (
				"$(DERIVED_FILE_DIR)/Pods-MichelappUITests-checkManifestLockResult.txt",
			);
			runOnlyForDeploymentPostprocessing = 0;
			shellPath = /bin/sh;
			shellScript = "diff \"${PODS_PODFILE_DIR_PATH}/Podfile.lock\" \"${PODS_ROOT}/Manifest.lock\" > /dev/null\nif [ $? != 0 ] ; then\n    # print error to STDERR\n    echo \"error: The sandbox is not in sync with the Podfile.lock. Run 'pod install' or update your CocoaPods installation.\" >&2\n    exit 1\nfi\n# This output is used by Xcode 'outputs' to avoid re-running this script phase.\necho \"SUCCESS\" > \"${SCRIPT_OUTPUT_FILE_0}\"\n";
			showEnvVarsInLog = 0;
		};
		17B1EA875B778A54BEDBFB99 /* [CP] Check Pods Manifest.lock */ = {
			isa = PBXShellScriptBuildPhase;
			buildActionMask = 2147483647;
			files = (
			);
			inputPaths = (
				"${PODS_PODFILE_DIR_PATH}/Podfile.lock",
				"${PODS_ROOT}/Manifest.lock",
			);
			name = "[CP] Check Pods Manifest.lock";
			outputPaths = (
				"$(DERIVED_FILE_DIR)/Pods-Michelapp-checkManifestLockResult.txt",
			);
			runOnlyForDeploymentPostprocessing = 0;
			shellPath = /bin/sh;
			shellScript = "diff \"${PODS_PODFILE_DIR_PATH}/Podfile.lock\" \"${PODS_ROOT}/Manifest.lock\" > /dev/null\nif [ $? != 0 ] ; then\n    # print error to STDERR\n    echo \"error: The sandbox is not in sync with the Podfile.lock. Run 'pod install' or update your CocoaPods installation.\" >&2\n    exit 1\nfi\n# This output is used by Xcode 'outputs' to avoid re-running this script phase.\necho \"SUCCESS\" > \"${SCRIPT_OUTPUT_FILE_0}\"\n";
			showEnvVarsInLog = 0;
		};
		499E683DBCA2D05CD182F428 /* [CP] Check Pods Manifest.lock */ = {
			isa = PBXShellScriptBuildPhase;
			buildActionMask = 2147483647;
			files = (
			);
			inputPaths = (
				"${PODS_PODFILE_DIR_PATH}/Podfile.lock",
				"${PODS_ROOT}/Manifest.lock",
			);
			name = "[CP] Check Pods Manifest.lock";
			outputPaths = (
				"$(DERIVED_FILE_DIR)/Pods-MichelappTests-checkManifestLockResult.txt",
			);
			runOnlyForDeploymentPostprocessing = 0;
			shellPath = /bin/sh;
			shellScript = "diff \"${PODS_PODFILE_DIR_PATH}/Podfile.lock\" \"${PODS_ROOT}/Manifest.lock\" > /dev/null\nif [ $? != 0 ] ; then\n    # print error to STDERR\n    echo \"error: The sandbox is not in sync with the Podfile.lock. Run 'pod install' or update your CocoaPods installation.\" >&2\n    exit 1\nfi\n# This output is used by Xcode 'outputs' to avoid re-running this script phase.\necho \"SUCCESS\" > \"${SCRIPT_OUTPUT_FILE_0}\"\n";
			showEnvVarsInLog = 0;
		};
		927100D6A3D5B8D76BA81C1B /* [CP] Embed Pods Frameworks */ = {
			isa = PBXShellScriptBuildPhase;
			buildActionMask = 2147483647;
			files = (
			);
			inputPaths = (
				"${SRCROOT}/Pods/Target Support Files/Pods-MichelappTests/Pods-MichelappTests-frameworks.sh",
				"${BUILT_PRODUCTS_DIR}/Alamofire/Alamofire.framework",
			);
			name = "[CP] Embed Pods Frameworks";
			outputPaths = (
				"${TARGET_BUILD_DIR}/${FRAMEWORKS_FOLDER_PATH}/Alamofire.framework",
			);
			runOnlyForDeploymentPostprocessing = 0;
			shellPath = /bin/sh;
			shellScript = "\"${SRCROOT}/Pods/Target Support Files/Pods-MichelappTests/Pods-MichelappTests-frameworks.sh\"\n";
			showEnvVarsInLog = 0;
		};
		D7B3C0BA4ADAE05BBCC762F3 /* [CP] Embed Pods Frameworks */ = {
			isa = PBXShellScriptBuildPhase;
			buildActionMask = 2147483647;
			files = (
			);
			inputPaths = (
				"${SRCROOT}/Pods/Target Support Files/Pods-Michelapp/Pods-Michelapp-frameworks.sh",
				"${BUILT_PRODUCTS_DIR}/Alamofire/Alamofire.framework",
			);
			name = "[CP] Embed Pods Frameworks";
			outputPaths = (
				"${TARGET_BUILD_DIR}/${FRAMEWORKS_FOLDER_PATH}/Alamofire.framework",
			);
			runOnlyForDeploymentPostprocessing = 0;
			shellPath = /bin/sh;
			shellScript = "\"${SRCROOT}/Pods/Target Support Files/Pods-Michelapp/Pods-Michelapp-frameworks.sh\"\n";
			showEnvVarsInLog = 0;
		};
/* End PBXShellScriptBuildPhase section */

/* Begin PBXSourcesBuildPhase section */
		5776C3B8216CF28100E2AA80 /* Sources */ = {
			isa = PBXSourcesBuildPhase;
			buildActionMask = 2147483647;
			files = (
				45CA3B56217BA2A100C3C2CE /* ListBeerViewController.swift in Sources */,
				5776C3C0216CF28100E2AA80 /* AppDelegate.swift in Sources */,
				1E233DF42183E45000D2332A /* ProfileViewController.swift in Sources */,
				576B148A216E5A6100B9E0FA /* HomeViewController.swift in Sources */,
				45751B092183FBD6000ACFEB /* beerTableViewCell.swift in Sources */,
				45CA3B54217BA27900C3C2CE /* FavoritesBeersTableViewController.swift in Sources */,
				1E233DF62183E4AE00D2332A /* SettingsViewController.swift in Sources */,
				56AFBFE5218447F00024E0CE /* descriptionBeerViewController.swift in Sources */,
			);
			runOnlyForDeploymentPostprocessing = 0;
		};
		5776C3CC216CF28300E2AA80 /* Sources */ = {
			isa = PBXSourcesBuildPhase;
			buildActionMask = 2147483647;
			files = (
				5776C3D5216CF28300E2AA80 /* MichelappTests.swift in Sources */,
			);
			runOnlyForDeploymentPostprocessing = 0;
		};
		5776C3D7216CF28300E2AA80 /* Sources */ = {
			isa = PBXSourcesBuildPhase;
			buildActionMask = 2147483647;
			files = (
				5776C3E0216CF28300E2AA80 /* MichelappUITests.swift in Sources */,
			);
			runOnlyForDeploymentPostprocessing = 0;
		};
/* End PBXSourcesBuildPhase section */

/* Begin PBXTargetDependency section */
		5776C3D2216CF28300E2AA80 /* PBXTargetDependency */ = {
			isa = PBXTargetDependency;
			target = 5776C3BB216CF28100E2AA80 /* Michelapp */;
			targetProxy = 5776C3D1216CF28300E2AA80 /* PBXContainerItemProxy */;
		};
		5776C3DD216CF28300E2AA80 /* PBXTargetDependency */ = {
			isa = PBXTargetDependency;
			target = 5776C3BB216CF28100E2AA80 /* Michelapp */;
			targetProxy = 5776C3DC216CF28300E2AA80 /* PBXContainerItemProxy */;
		};
/* End PBXTargetDependency section */

/* Begin PBXVariantGroup section */
		576B1490216E7B0A00B9E0FA /* Perfil.storyboard */ = {
			isa = PBXVariantGroup;
			children = (
				576B1491216E7C2D00B9E0FA /* Base */,
			);
			name = Perfil.storyboard;
			sourceTree = "<group>";
		};
		5776C3C8216CF28300E2AA80 /* LaunchScreen.storyboard */ = {
			isa = PBXVariantGroup;
			children = (
				5776C3C9216CF28300E2AA80 /* Base */,
			);
			name = LaunchScreen.storyboard;
			sourceTree = "<group>";
		};
/* End PBXVariantGroup section */

/* Begin XCBuildConfiguration section */
		5776C3E2216CF28300E2AA80 /* Debug */ = {
			isa = XCBuildConfiguration;
			buildSettings = {
				ALWAYS_SEARCH_USER_PATHS = NO;
				CLANG_ANALYZER_NONNULL = YES;
				CLANG_ANALYZER_NUMBER_OBJECT_CONVERSION = YES_AGGRESSIVE;
				CLANG_CXX_LANGUAGE_STANDARD = "gnu++14";
				CLANG_CXX_LIBRARY = "libc++";
				CLANG_ENABLE_MODULES = YES;
				CLANG_ENABLE_OBJC_ARC = YES;
				CLANG_ENABLE_OBJC_WEAK = YES;
				CLANG_WARN_BLOCK_CAPTURE_AUTORELEASING = YES;
				CLANG_WARN_BOOL_CONVERSION = YES;
				CLANG_WARN_COMMA = YES;
				CLANG_WARN_CONSTANT_CONVERSION = YES;
				CLANG_WARN_DEPRECATED_OBJC_IMPLEMENTATIONS = YES;
				CLANG_WARN_DIRECT_OBJC_ISA_USAGE = YES_ERROR;
				CLANG_WARN_DOCUMENTATION_COMMENTS = YES;
				CLANG_WARN_EMPTY_BODY = YES;
				CLANG_WARN_ENUM_CONVERSION = YES;
				CLANG_WARN_INFINITE_RECURSION = YES;
				CLANG_WARN_INT_CONVERSION = YES;
				CLANG_WARN_NON_LITERAL_NULL_CONVERSION = YES;
				CLANG_WARN_OBJC_IMPLICIT_RETAIN_SELF = YES;
				CLANG_WARN_OBJC_LITERAL_CONVERSION = YES;
				CLANG_WARN_OBJC_ROOT_CLASS = YES_ERROR;
				CLANG_WARN_RANGE_LOOP_ANALYSIS = YES;
				CLANG_WARN_STRICT_PROTOTYPES = YES;
				CLANG_WARN_SUSPICIOUS_MOVE = YES;
				CLANG_WARN_UNGUARDED_AVAILABILITY = YES_AGGRESSIVE;
				CLANG_WARN_UNREACHABLE_CODE = YES;
				CLANG_WARN__DUPLICATE_METHOD_MATCH = YES;
				CODE_SIGN_IDENTITY = "iPhone Developer";
				COPY_PHASE_STRIP = NO;
				DEBUG_INFORMATION_FORMAT = dwarf;
				ENABLE_STRICT_OBJC_MSGSEND = YES;
				ENABLE_TESTABILITY = YES;
				GCC_C_LANGUAGE_STANDARD = gnu11;
				GCC_DYNAMIC_NO_PIC = NO;
				GCC_NO_COMMON_BLOCKS = YES;
				GCC_OPTIMIZATION_LEVEL = 0;
				GCC_PREPROCESSOR_DEFINITIONS = (
					"DEBUG=1",
					"$(inherited)",
				);
				GCC_WARN_64_TO_32_BIT_CONVERSION = YES;
				GCC_WARN_ABOUT_RETURN_TYPE = YES_ERROR;
				GCC_WARN_UNDECLARED_SELECTOR = YES;
				GCC_WARN_UNINITIALIZED_AUTOS = YES_AGGRESSIVE;
				GCC_WARN_UNUSED_FUNCTION = YES;
				GCC_WARN_UNUSED_VARIABLE = YES;
				IPHONEOS_DEPLOYMENT_TARGET = 12.0;
				MTL_ENABLE_DEBUG_INFO = INCLUDE_SOURCE;
				MTL_FAST_MATH = YES;
				ONLY_ACTIVE_ARCH = YES;
				SDKROOT = iphoneos;
				SWIFT_ACTIVE_COMPILATION_CONDITIONS = DEBUG;
				SWIFT_OPTIMIZATION_LEVEL = "-Onone";
			};
			name = Debug;
		};
		5776C3E3216CF28300E2AA80 /* Release */ = {
			isa = XCBuildConfiguration;
			buildSettings = {
				ALWAYS_SEARCH_USER_PATHS = NO;
				CLANG_ANALYZER_NONNULL = YES;
				CLANG_ANALYZER_NUMBER_OBJECT_CONVERSION = YES_AGGRESSIVE;
				CLANG_CXX_LANGUAGE_STANDARD = "gnu++14";
				CLANG_CXX_LIBRARY = "libc++";
				CLANG_ENABLE_MODULES = YES;
				CLANG_ENABLE_OBJC_ARC = YES;
				CLANG_ENABLE_OBJC_WEAK = YES;
				CLANG_WARN_BLOCK_CAPTURE_AUTORELEASING = YES;
				CLANG_WARN_BOOL_CONVERSION = YES;
				CLANG_WARN_COMMA = YES;
				CLANG_WARN_CONSTANT_CONVERSION = YES;
				CLANG_WARN_DEPRECATED_OBJC_IMPLEMENTATIONS = YES;
				CLANG_WARN_DIRECT_OBJC_ISA_USAGE = YES_ERROR;
				CLANG_WARN_DOCUMENTATION_COMMENTS = YES;
				CLANG_WARN_EMPTY_BODY = YES;
				CLANG_WARN_ENUM_CONVERSION = YES;
				CLANG_WARN_INFINITE_RECURSION = YES;
				CLANG_WARN_INT_CONVERSION = YES;
				CLANG_WARN_NON_LITERAL_NULL_CONVERSION = YES;
				CLANG_WARN_OBJC_IMPLICIT_RETAIN_SELF = YES;
				CLANG_WARN_OBJC_LITERAL_CONVERSION = YES;
				CLANG_WARN_OBJC_ROOT_CLASS = YES_ERROR;
				CLANG_WARN_RANGE_LOOP_ANALYSIS = YES;
				CLANG_WARN_STRICT_PROTOTYPES = YES;
				CLANG_WARN_SUSPICIOUS_MOVE = YES;
				CLANG_WARN_UNGUARDED_AVAILABILITY = YES_AGGRESSIVE;
				CLANG_WARN_UNREACHABLE_CODE = YES;
				CLANG_WARN__DUPLICATE_METHOD_MATCH = YES;
				CODE_SIGN_IDENTITY = "iPhone Developer";
				COPY_PHASE_STRIP = NO;
				DEBUG_INFORMATION_FORMAT = "dwarf-with-dsym";
				ENABLE_NS_ASSERTIONS = NO;
				ENABLE_STRICT_OBJC_MSGSEND = YES;
				GCC_C_LANGUAGE_STANDARD = gnu11;
				GCC_NO_COMMON_BLOCKS = YES;
				GCC_WARN_64_TO_32_BIT_CONVERSION = YES;
				GCC_WARN_ABOUT_RETURN_TYPE = YES_ERROR;
				GCC_WARN_UNDECLARED_SELECTOR = YES;
				GCC_WARN_UNINITIALIZED_AUTOS = YES_AGGRESSIVE;
				GCC_WARN_UNUSED_FUNCTION = YES;
				GCC_WARN_UNUSED_VARIABLE = YES;
				IPHONEOS_DEPLOYMENT_TARGET = 12.0;
				MTL_ENABLE_DEBUG_INFO = NO;
				MTL_FAST_MATH = YES;
				SDKROOT = iphoneos;
				SWIFT_COMPILATION_MODE = wholemodule;
				SWIFT_OPTIMIZATION_LEVEL = "-O";
				VALIDATE_PRODUCT = YES;
			};
			name = Release;
		};
		5776C3E5216CF28300E2AA80 /* Debug */ = {
			isa = XCBuildConfiguration;
			baseConfigurationReference = DF3130C892156160771EFE44 /* Pods-Michelapp.debug.xcconfig */;
			buildSettings = {
				ASSETCATALOG_COMPILER_APPICON_NAME = AppIcon;
				CODE_SIGN_STYLE = Automatic;
				DEVELOPMENT_TEAM = WS4F5RM69W;
				INFOPLIST_FILE = Michelapp/Info.plist;
				IPHONEOS_DEPLOYMENT_TARGET = 11.4;
				LD_RUNPATH_SEARCH_PATHS = (
					"$(inherited)",
					"@executable_path/Frameworks",
				);
				PRODUCT_BUNDLE_IDENTIFIER = "Abe-sCompany.Michelapp";
				PRODUCT_NAME = "$(TARGET_NAME)";
				SWIFT_VERSION = 4.2;
				TARGETED_DEVICE_FAMILY = 1;
			};
			name = Debug;
		};
		5776C3E6216CF28300E2AA80 /* Release */ = {
			isa = XCBuildConfiguration;
			baseConfigurationReference = 680B49EB810709E266F56516 /* Pods-Michelapp.release.xcconfig */;
			buildSettings = {
				ASSETCATALOG_COMPILER_APPICON_NAME = AppIcon;
				CODE_SIGN_STYLE = Automatic;
				DEVELOPMENT_TEAM = WS4F5RM69W;
				INFOPLIST_FILE = Michelapp/Info.plist;
				IPHONEOS_DEPLOYMENT_TARGET = 11.4;
				LD_RUNPATH_SEARCH_PATHS = (
					"$(inherited)",
					"@executable_path/Frameworks",
				);
				PRODUCT_BUNDLE_IDENTIFIER = "Abe-sCompany.Michelapp";
				PRODUCT_NAME = "$(TARGET_NAME)";
				SWIFT_VERSION = 4.2;
				TARGETED_DEVICE_FAMILY = 1;
			};
			name = Release;
		};
		5776C3E8216CF28300E2AA80 /* Debug */ = {
			isa = XCBuildConfiguration;
			baseConfigurationReference = 569A37D0A3A0079B5DE48933 /* Pods-MichelappTests.debug.xcconfig */;
			buildSettings = {
				ALWAYS_EMBED_SWIFT_STANDARD_LIBRARIES = YES;
				BUNDLE_LOADER = "$(TEST_HOST)";
				CODE_SIGN_STYLE = Automatic;
				DEVELOPMENT_TEAM = DL2QH55944;
				INFOPLIST_FILE = MichelappTests/Info.plist;
				LD_RUNPATH_SEARCH_PATHS = (
					"$(inherited)",
					"@executable_path/Frameworks",
					"@loader_path/Frameworks",
				);
				PRODUCT_BUNDLE_IDENTIFIER = "Abe-sCompany.MichelappTests";
				PRODUCT_NAME = "$(TARGET_NAME)";
				SWIFT_VERSION = 4.2;
				TARGETED_DEVICE_FAMILY = "1,2";
				TEST_HOST = "$(BUILT_PRODUCTS_DIR)/Michelapp.app/Michelapp";
			};
			name = Debug;
		};
		5776C3E9216CF28300E2AA80 /* Release */ = {
			isa = XCBuildConfiguration;
			baseConfigurationReference = C98C5981CC45F0CB7B64C0A1 /* Pods-MichelappTests.release.xcconfig */;
			buildSettings = {
				ALWAYS_EMBED_SWIFT_STANDARD_LIBRARIES = YES;
				BUNDLE_LOADER = "$(TEST_HOST)";
				CODE_SIGN_STYLE = Automatic;
				DEVELOPMENT_TEAM = DL2QH55944;
				INFOPLIST_FILE = MichelappTests/Info.plist;
				LD_RUNPATH_SEARCH_PATHS = (
					"$(inherited)",
					"@executable_path/Frameworks",
					"@loader_path/Frameworks",
				);
				PRODUCT_BUNDLE_IDENTIFIER = "Abe-sCompany.MichelappTests";
				PRODUCT_NAME = "$(TARGET_NAME)";
				SWIFT_VERSION = 4.2;
				TARGETED_DEVICE_FAMILY = "1,2";
				TEST_HOST = "$(BUILT_PRODUCTS_DIR)/Michelapp.app/Michelapp";
			};
			name = Release;
		};
		5776C3EB216CF28300E2AA80 /* Debug */ = {
			isa = XCBuildConfiguration;
			baseConfigurationReference = DD426E2FEDB36E4A94F36187 /* Pods-MichelappUITests.debug.xcconfig */;
			buildSettings = {
				ALWAYS_EMBED_SWIFT_STANDARD_LIBRARIES = YES;
				CODE_SIGN_STYLE = Automatic;
				DEVELOPMENT_TEAM = DL2QH55944;
				INFOPLIST_FILE = MichelappUITests/Info.plist;
				LD_RUNPATH_SEARCH_PATHS = (
					"$(inherited)",
					"@executable_path/Frameworks",
					"@loader_path/Frameworks",
				);
				PRODUCT_BUNDLE_IDENTIFIER = "Abe-sCompany.MichelappUITests";
				PRODUCT_NAME = "$(TARGET_NAME)";
				SWIFT_VERSION = 4.2;
				TARGETED_DEVICE_FAMILY = "1,2";
				TEST_TARGET_NAME = Michelapp;
			};
			name = Debug;
		};
		5776C3EC216CF28300E2AA80 /* Release */ = {
			isa = XCBuildConfiguration;
			baseConfigurationReference = DD527E0321B22013D1E16B9B /* Pods-MichelappUITests.release.xcconfig */;
			buildSettings = {
				ALWAYS_EMBED_SWIFT_STANDARD_LIBRARIES = YES;
				CODE_SIGN_STYLE = Automatic;
				DEVELOPMENT_TEAM = DL2QH55944;
				INFOPLIST_FILE = MichelappUITests/Info.plist;
				LD_RUNPATH_SEARCH_PATHS = (
					"$(inherited)",
					"@executable_path/Frameworks",
					"@loader_path/Frameworks",
				);
				PRODUCT_BUNDLE_IDENTIFIER = "Abe-sCompany.MichelappUITests";
				PRODUCT_NAME = "$(TARGET_NAME)";
				SWIFT_VERSION = 4.2;
				TARGETED_DEVICE_FAMILY = "1,2";
				TEST_TARGET_NAME = Michelapp;
			};
			name = Release;
		};
/* End XCBuildConfiguration section */

/* Begin XCConfigurationList section */
		5776C3B7216CF28100E2AA80 /* Build configuration list for PBXProject "Michelapp" */ = {
			isa = XCConfigurationList;
			buildConfigurations = (
				5776C3E2216CF28300E2AA80 /* Debug */,
				5776C3E3216CF28300E2AA80 /* Release */,
			);
			defaultConfigurationIsVisible = 0;
			defaultConfigurationName = Release;
		};
		5776C3E4216CF28300E2AA80 /* Build configuration list for PBXNativeTarget "Michelapp" */ = {
			isa = XCConfigurationList;
			buildConfigurations = (
				5776C3E5216CF28300E2AA80 /* Debug */,
				5776C3E6216CF28300E2AA80 /* Release */,
			);
			defaultConfigurationIsVisible = 0;
			defaultConfigurationName = Release;
		};
		5776C3E7216CF28300E2AA80 /* Build configuration list for PBXNativeTarget "MichelappTests" */ = {
			isa = XCConfigurationList;
			buildConfigurations = (
				5776C3E8216CF28300E2AA80 /* Debug */,
				5776C3E9216CF28300E2AA80 /* Release */,
			);
			defaultConfigurationIsVisible = 0;
			defaultConfigurationName = Release;
		};
		5776C3EA216CF28300E2AA80 /* Build configuration list for PBXNativeTarget "MichelappUITests" */ = {
			isa = XCConfigurationList;
			buildConfigurations = (
				5776C3EB216CF28300E2AA80 /* Debug */,
				5776C3EC216CF28300E2AA80 /* Release */,
			);
			defaultConfigurationIsVisible = 0;
			defaultConfigurationName = Release;
		};
/* End XCConfigurationList section */
	};
	rootObject = 5776C3B4216CF28100E2AA80 /* Project object */;
}
